
Microsoft Visual Studio Solution File, Format Version 12.00
# Visual Studio Version 17
VisualStudioVersion = 17.8.34408.163
MinimumVisualStudioVersion = 10.0.40219.1
Project("{FAE04EC0-301F-11D3-BF4B-00C04F79EFBC}") = "DelegateIntroduction", "DelegateIntroduction\DelegateIntroduction.csproj", "{AC69E329-92F5-46C4-8128-925E52A5463D}"
EndProject
Project("{FAE04EC0-301F-11D3-BF4B-00C04F79EFBC}") = "DelegateVsInterface", "DelegateVsInterface\DelegateVsInterface.csproj", "{03584AE9-3DEB-45EA-AD6E-605B4089B305}"
EndProject
Project("{FAE04EC0-301F-11D3-BF4B-00C04F79EFBC}") = "DelegateAsParameter", "DelegateAsParameter\DelegateAsParameter.csproj", "{0BE6CEF1-222B-4E99-9D09-CFA2261BAA3C}"
EndProject
Project("{FAE04EC0-301F-11D3-BF4B-00C04F79EFBC}") = "EventsAndDelegatesSimplified", "EventsAndDelegatesSimplified\EventsAndDelegatesSimplified.csproj", "{0771F199-689E-4D1D-8254-85957C76616B}"
EndProject
Global
	GlobalSection(SolutionConfigurationPlatforms) = preSolution
		Debug|Any CPU = Debug|Any CPU
		Release|Any CPU = Release|Any CPU
	EndGlobalSection
	GlobalSection(ProjectConfigurationPlatforms) = postSolution
		{AC69E329-92F5-46C4-8128-925E52A5463D}.Debug|Any CPU.ActiveCfg = Debug|Any CPU
		{AC69E329-92F5-46C4-8128-925E52A5463D}.Debug|Any CPU.Build.0 = Debug|Any CPU
		{AC69E329-92F5-46C4-8128-925E52A5463D}.Release|Any CPU.ActiveCfg = Release|Any CPU
		{AC69E329-92F5-46C4-8128-925E52A5463D}.Release|Any CPU.Build.0 = Release|Any CPU
		{03584AE9-3DEB-45EA-AD6E-605B4089B305}.Debug|Any CPU.ActiveCfg = Debug|Any CPU
		{03584AE9-3DEB-45EA-AD6E-605B4089B305}.Debug|Any CPU.Build.0 = Debug|Any CPU
		{03584AE9-3DEB-45EA-AD6E-605B4089B305}.Release|Any CPU.ActiveCfg = Release|Any CPU
		{03584AE9-3DEB-45EA-AD6E-605B4089B305}.Release|Any CPU.Build.0 = Release|Any CPU
		{0BE6CEF1-222B-4E99-9D09-CFA2261BAA3C}.Debug|Any CPU.ActiveCfg = Debug|Any CPU
		{0BE6CEF1-222B-4E99-9D09-CFA2261BAA3C}.Debug|Any CPU.Build.0 = Debug|Any CPU
		{0BE6CEF1-222B-4E99-9D09-CFA2261BAA3C}.Release|Any CPU.ActiveCfg = Release|Any CPU
		{0BE6CEF1-222B-4E99-9D09-CFA2261BAA3C}.Release|Any CPU.Build.0 = Release|Any CPU
		{0771F199-689E-4D1D-8254-85957C76616B}.Debug|Any CPU.ActiveCfg = Debug|Any CPU
		{0771F199-689E-4D1D-8254-85957C76616B}.Debug|Any CPU.Build.0 = Debug|Any CPU
		{0771F199-689E-4D1D-8254-85957C76616B}.Release|Any CPU.ActiveCfg = Release|Any CPU
		{0771F199-689E-4D1D-8254-85957C76616B}.Release|Any CPU.Build.0 = Release|Any CPU
	EndGlobalSection
	GlobalSection(SolutionProperties) = preSolution
		HideSolutionNode = FALSE
	EndGlobalSection
	GlobalSection(ExtensibilityGlobals) = postSolution
		SolutionGuid = {E5E0D3F7-8B8E-46FC-B491-8D5D3FC35190}
	EndGlobalSection
EndGlobal
